// !$*UTF8*$!
{
	archiveVersion = 1;
	classes = {
	};
	objectVersion = 56;
	objects = {

/* Begin PBXBuildFile section */
		572A99042BB6468A007D9C44 /* Card.swift in Sources */ = {isa = PBXBuildFile; fileRef = 572A99032BB6468A007D9C44 /* Card.swift */; };
		572A99062BB6470F007D9C44 /* CardView.swift in Sources */ = {isa = PBXBuildFile; fileRef = 572A99052BB6470F007D9C44 /* CardView.swift */; };
		57ACE9862BB3B38F003553EE /* FreshzillaApp.swift in Sources */ = {isa = PBXBuildFile; fileRef = 57ACE9852BB3B38F003553EE /* FreshzillaApp.swift */; };
		57ACE9882BB3B38F003553EE /* ContentView.swift in Sources */ = {isa = PBXBuildFile; fileRef = 57ACE9872BB3B38F003553EE /* ContentView.swift */; };
		57ACE98A2BB3B390003553EE /* Assets.xcassets in Resources */ = {isa = PBXBuildFile; fileRef = 57ACE9892BB3B390003553EE /* Assets.xcassets */; };
		57ACE98E2BB3B390003553EE /* Preview Assets.xcassets in Resources */ = {isa = PBXBuildFile; fileRef = 57ACE98D2BB3B390003553EE /* Preview Assets.xcassets */; };
		57ACE9982BB3B390003553EE /* FreshzillaTests.swift in Sources */ = {isa = PBXBuildFile; fileRef = 57ACE9972BB3B390003553EE /* FreshzillaTests.swift */; };
		57ACE9A22BB3B390003553EE /* FreshzillaUITests.swift in Sources */ = {isa = PBXBuildFile; fileRef = 57ACE9A12BB3B390003553EE /* FreshzillaUITests.swift */; };
		57ACE9A42BB3B390003553EE /* FreshzillaUITestsLaunchTests.swift in Sources */ = {isa = PBXBuildFile; fileRef = 57ACE9A32BB3B390003553EE /* FreshzillaUITestsLaunchTests.swift */; };
/* End PBXBuildFile section */

/* Begin PBXContainerItemProxy section */
		57ACE9942BB3B390003553EE /* PBXContainerItemProxy */ = {
			isa = PBXContainerItemProxy;
			containerPortal = 57ACE97A2BB3B38F003553EE /* Project object */;
			proxyType = 1;
			remoteGlobalIDString = 57ACE9812BB3B38F003553EE;
			remoteInfo = Freshzilla;
		};
		57ACE99E2BB3B390003553EE /* PBXContainerItemProxy */ = {
			isa = PBXContainerItemProxy;
			containerPortal = 57ACE97A2BB3B38F003553EE /* Project object */;
			proxyType = 1;
			remoteGlobalIDString = 57ACE9812BB3B38F003553EE;
			remoteInfo = Freshzilla;
		};
/* End PBXContainerItemProxy section */

/* Begin PBXFileReference section */
		572A99032BB6468A007D9C44 /* Card.swift */ = {isa = PBXFileReference; lastKnownFileType = sourcecode.swift; path = Card.swift; sourceTree = "<group>"; };
		572A99052BB6470F007D9C44 /* CardView.swift */ = {isa = PBXFileReference; lastKnownFileType = sourcecode.swift; path = CardView.swift; sourceTree = "<group>"; };
		57ACE9822BB3B38F003553EE /* Freshzilla.app */ = {isa = PBXFileReference; explicitFileType = wrapper.application; includeInIndex = 0; path = Freshzilla.app; sourceTree = BUILT_PRODUCTS_DIR; };
		57ACE9852BB3B38F003553EE /* FreshzillaApp.swift */ = {isa = PBXFileReference; lastKnownFileType = sourcecode.swift; path = FreshzillaApp.swift; sourceTree = "<group>"; };
		57ACE9872BB3B38F003553EE /* ContentView.swift */ = {isa = PBXFileReference; lastKnownFileType = sourcecode.swift; path = ContentView.swift; sourceTree = "<group>"; };
		57ACE9892BB3B390003553EE /* Assets.xcassets */ = {isa = PBXFileReference; lastKnownFileType = folder.assetcatalog; path = Assets.xcassets; sourceTree = "<group>"; };
		57ACE98B2BB3B390003553EE /* Freshzilla.entitlements */ = {isa = PBXFileReference; lastKnownFileType = text.plist.entitlements; path = Freshzilla.entitlements; sourceTree = "<group>"; };
		57ACE98D2BB3B390003553EE /* Preview Assets.xcassets */ = {isa = PBXFileReference; lastKnownFileType = folder.assetcatalog; path = "Preview Assets.xcassets"; sourceTree = "<group>"; };
		57ACE9932BB3B390003553EE /* FreshzillaTests.xctest */ = {isa = PBXFileReference; explicitFileType = wrapper.cfbundle; includeInIndex = 0; path = FreshzillaTests.xctest; sourceTree = BUILT_PRODUCTS_DIR; };
		57ACE9972BB3B390003553EE /* FreshzillaTests.swift */ = {isa = PBXFileReference; lastKnownFileType = sourcecode.swift; path = FreshzillaTests.swift; sourceTree = "<group>"; };
		57ACE99D2BB3B390003553EE /* FreshzillaUITests.xctest */ = {isa = PBXFileReference; explicitFileType = wrapper.cfbundle; includeInIndex = 0; path = FreshzillaUITests.xctest; sourceTree = BUILT_PRODUCTS_DIR; };
		57ACE9A12BB3B390003553EE /* FreshzillaUITests.swift */ = {isa = PBXFileReference; lastKnownFileType = sourcecode.swift; path = FreshzillaUITests.swift; sourceTree = "<group>"; };
		57ACE9A32BB3B390003553EE /* FreshzillaUITestsLaunchTests.swift */ = {isa = PBXFileReference; lastKnownFileType = sourcecode.swift; path = FreshzillaUITestsLaunchTests.swift; sourceTree = "<group>"; };
/* End PBXFileReference section */

/* Begin PBXFrameworksBuildPhase section */
		57ACE97F2BB3B38F003553EE /* Frameworks */ = {
			isa = PBXFrameworksBuildPhase;
			buildActionMask = 2147483647;
			files = (
			);
			runOnlyForDeploymentPostprocessing = 0;
		};
		57ACE9902BB3B390003553EE /* Frameworks */ = {
			isa = PBXFrameworksBuildPhase;
			buildActionMask = 2147483647;
			files = (
			);
			runOnlyForDeploymentPostprocessing = 0;
		};
		57ACE99A2BB3B390003553EE /* Frameworks */ = {
			isa = PBXFrameworksBuildPhase;
			buildActionMask = 2147483647;
			files = (
			);
			runOnlyForDeploymentPostprocessing = 0;
		};
/* End PBXFrameworksBuildPhase section */

/* Begin PBXGroup section */
		57ACE9792BB3B38F003553EE = {
			isa = PBXGroup;
			children = (
				57ACE9842BB3B38F003553EE /* Freshzilla */,
				57ACE9962BB3B390003553EE /* FreshzillaTests */,
				57ACE9A02BB3B390003553EE /* FreshzillaUITests */,
				57ACE9832BB3B38F003553EE /* Products */,
			);
			sourceTree = "<group>";
		};
		57ACE9832BB3B38F003553EE /* Products */ = {
			isa = PBXGroup;
			children = (
				57ACE9822BB3B38F003553EE /* Freshzilla.app */,
				57ACE9932BB3B390003553EE /* FreshzillaTests.xctest */,
				57ACE99D2BB3B390003553EE /* FreshzillaUITests.xctest */,
			);
			name = Products;
			sourceTree = "<group>";
		};
		57ACE9842BB3B38F003553EE /* Freshzilla */ = {
			isa = PBXGroup;
			children = (
				57ACE9852BB3B38F003553EE /* FreshzillaApp.swift */,
				57ACE9872BB3B38F003553EE /* ContentView.swift */,
				572A99032BB6468A007D9C44 /* Card.swift */,
				572A99052BB6470F007D9C44 /* CardView.swift */,
				57ACE9892BB3B390003553EE /* Assets.xcassets */,
				57ACE98B2BB3B390003553EE /* Freshzilla.entitlements */,
				57ACE98C2BB3B390003553EE /* Preview Content */,
			);
			path = Freshzilla;
			sourceTree = "<group>";
		};
		57ACE98C2BB3B390003553EE /* Preview Content */ = {
			isa = PBXGroup;
			children = (
				57ACE98D2BB3B390003553EE /* Preview Assets.xcassets */,
			);
			path = "Preview Content";
			sourceTree = "<group>";
		};
		57ACE9962BB3B390003553EE /* FreshzillaTests */ = {
			isa = PBXGroup;
			children = (
				57ACE9972BB3B390003553EE /* FreshzillaTests.swift */,
			);
			path = FreshzillaTests;
			sourceTree = "<group>";
		};
		57ACE9A02BB3B390003553EE /* FreshzillaUITests */ = {
			isa = PBXGroup;
			children = (
				57ACE9A12BB3B390003553EE /* FreshzillaUITests.swift */,
				57ACE9A32BB3B390003553EE /* FreshzillaUITestsLaunchTests.swift */,
			);
			path = FreshzillaUITests;
			sourceTree = "<group>";
		};
/* End PBXGroup section */

/* Begin PBXNativeTarget section */
		57ACE9812BB3B38F003553EE /* Freshzilla */ = {
			isa = PBXNativeTarget;
			buildConfigurationList = 57ACE9A72BB3B390003553EE /* Build configuration list for PBXNativeTarget "Freshzilla" */;
			buildPhases = (
				57ACE97E2BB3B38F003553EE /* Sources */,
				57ACE97F2BB3B38F003553EE /* Frameworks */,
				57ACE9802BB3B38F003553EE /* Resources */,
			);
			buildRules = (
			);
			dependencies = (
			);
			name = Freshzilla;
			productName = Freshzilla;
			productReference = 57ACE9822BB3B38F003553EE /* Freshzilla.app */;
			productType = "com.apple.product-type.application";
		};
		57ACE9922BB3B390003553EE /* FreshzillaTests */ = {
			isa = PBXNativeTarget;
			buildConfigurationList = 57ACE9AA2BB3B390003553EE /* Build configuration list for PBXNativeTarget "FreshzillaTests" */;
			buildPhases = (
				57ACE98F2BB3B390003553EE /* Sources */,
				57ACE9902BB3B390003553EE /* Frameworks */,
				57ACE9912BB3B390003553EE /* Resources */,
			);
			buildRules = (
			);
			dependencies = (
				57ACE9952BB3B390003553EE /* PBXTargetDependency */,
			);
			name = FreshzillaTests;
			productName = FreshzillaTests;
			productReference = 57ACE9932BB3B390003553EE /* FreshzillaTests.xctest */;
			productType = "com.apple.product-type.bundle.unit-test";
		};
		57ACE99C2BB3B390003553EE /* FreshzillaUITests */ = {
			isa = PBXNativeTarget;
			buildConfigurationList = 57ACE9AD2BB3B390003553EE /* Build configuration list for PBXNativeTarget "FreshzillaUITests" */;
			buildPhases = (
				57ACE9992BB3B390003553EE /* Sources */,
				57ACE99A2BB3B390003553EE /* Frameworks */,
				57ACE99B2BB3B390003553EE /* Resources */,
			);
			buildRules = (
			);
			dependencies = (
				57ACE99F2BB3B390003553EE /* PBXTargetDependency */,
			);
			name = FreshzillaUITests;
			productName = FreshzillaUITests;
			productReference = 57ACE99D2BB3B390003553EE /* FreshzillaUITests.xctest */;
			productType = "com.apple.product-type.bundle.ui-testing";
		};
/* End PBXNativeTarget section */

/* Begin PBXProject section */
		57ACE97A2BB3B38F003553EE /* Project object */ = {
			isa = PBXProject;
			attributes = {
				BuildIndependentTargetsInParallel = 1;
				LastSwiftUpdateCheck = 1510;
				LastUpgradeCheck = 1510;
				TargetAttributes = {
					57ACE9812BB3B38F003553EE = {
						CreatedOnToolsVersion = 15.1;
					};
					57ACE9922BB3B390003553EE = {
						CreatedOnToolsVersion = 15.1;
						TestTargetID = 57ACE9812BB3B38F003553EE;
					};
					57ACE99C2BB3B390003553EE = {
						CreatedOnToolsVersion = 15.1;
						TestTargetID = 57ACE9812BB3B38F003553EE;
					};
				};
			};
			buildConfigurationList = 57ACE97D2BB3B38F003553EE /* Build configuration list for PBXProject "Freshzilla" */;
			compatibilityVersion = "Xcode 14.0";
			developmentRegion = en;
			hasScannedForEncodings = 0;
			knownRegions = (
				en,
				Base,
			);
			mainGroup = 57ACE9792BB3B38F003553EE;
			productRefGroup = 57ACE9832BB3B38F003553EE /* Products */;
			projectDirPath = "";
			projectRoot = "";
			targets = (
				57ACE9812BB3B38F003553EE /* Freshzilla */,
				57ACE9922BB3B390003553EE /* FreshzillaTests */,
				57ACE99C2BB3B390003553EE /* FreshzillaUITests */,
			);
		};
/* End PBXProject section */

/* Begin PBXResourcesBuildPhase section */
		57ACE9802BB3B38F003553EE /* Resources */ = {
			isa = PBXResourcesBuildPhase;
			buildActionMask = 2147483647;
			files = (
				57ACE98E2BB3B390003553EE /* Preview Assets.xcassets in Resources */,
				57ACE98A2BB3B390003553EE /* Assets.xcassets in Resources */,
			);
			runOnlyForDeploymentPostprocessing = 0;
		};
		57ACE9912BB3B390003553EE /* Resources */ = {
			isa = PBXResourcesBuildPhase;
			buildActionMask = 2147483647;
			files = (
			);
			runOnlyForDeploymentPostprocessing = 0;
		};
		57ACE99B2BB3B390003553EE /* Resources */ = {
			isa = PBXResourcesBuildPhase;
			buildActionMask = 2147483647;
			files = (
			);
			runOnlyForDeploymentPostprocessing = 0;
		};
/* End PBXResourcesBuildPhase section */

/* Begin PBXSourcesBuildPhase section */
		57ACE97E2BB3B38F003553EE /* Sources */ = {
			isa = PBXSourcesBuildPhase;
			buildActionMask = 2147483647;
			files = (
				572A99062BB6470F007D9C44 /* CardView.swift in Sources */,
				57ACE9882BB3B38F003553EE /* ContentView.swift in Sources */,
				572A99042BB6468A007D9C44 /* Card.swift in Sources */,
				57ACE9862BB3B38F003553EE /* FreshzillaApp.swift in Sources */,
			);
			runOnlyForDeploymentPostprocessing = 0;
		};
		57ACE98F2BB3B390003553EE /* Sources */ = {
			isa = PBXSourcesBuildPhase;
			buildActionMask = 2147483647;
			files = (
				57ACE9982BB3B390003553EE /* FreshzillaTests.swift in Sources */,
			);
			runOnlyForDeploymentPostprocessing = 0;
		};
		57ACE9992BB3B390003553EE /* Sources */ = {
			isa = PBXSourcesBuildPhase;
			buildActionMask = 2147483647;
			files = (
				57ACE9A42BB3B390003553EE /* FreshzillaUITestsLaunchTests.swift in Sources */,
				57ACE9A22BB3B390003553EE /* FreshzillaUITests.swift in Sources */,
			);
			runOnlyForDeploymentPostprocessing = 0;
		};
/* End PBXSourcesBuildPhase section */

/* Begin PBXTargetDependency section */
		57ACE9952BB3B390003553EE /* PBXTargetDependency */ = {
			isa = PBXTargetDependency;
			target = 57ACE9812BB3B38F003553EE /* Freshzilla */;
			targetProxy = 57ACE9942BB3B390003553EE /* PBXContainerItemProxy */;
		};
		57ACE99F2BB3B390003553EE /* PBXTargetDependency */ = {
			isa = PBXTargetDependency;
			target = 57ACE9812BB3B38F003553EE /* Freshzilla */;
			targetProxy = 57ACE99E2BB3B390003553EE /* PBXContainerItemProxy */;
		};
/* End PBXTargetDependency section */

/* Begin XCBuildConfiguration section */
		57ACE9A52BB3B390003553EE /* Debug */ = {
			isa = XCBuildConfiguration;
			buildSettings = {
				ALWAYS_SEARCH_USER_PATHS = NO;
				ASSETCATALOG_COMPILER_GENERATE_SWIFT_ASSET_SYMBOL_EXTENSIONS = YES;
				CLANG_ANALYZER_NONNULL = YES;
				CLANG_ANALYZER_NUMBER_OBJECT_CONVERSION = YES_AGGRESSIVE;
				CLANG_CXX_LANGUAGE_STANDARD = "gnu++20";
				CLANG_ENABLE_MODULES = YES;
				CLANG_ENABLE_OBJC_ARC = YES;
				CLANG_ENABLE_OBJC_WEAK = YES;
				CLANG_WARN_BLOCK_CAPTURE_AUTORELEASING = YES;
				CLANG_WARN_BOOL_CONVERSION = YES;
				CLANG_WARN_COMMA = YES;
				CLANG_WARN_CONSTANT_CONVERSION = YES;
				CLANG_WARN_DEPRECATED_OBJC_IMPLEMENTATIONS = YES;
				CLANG_WARN_DIRECT_OBJC_ISA_USAGE = YES_ERROR;
				CLANG_WARN_DOCUMENTATION_COMMENTS = YES;
				CLANG_WARN_EMPTY_BODY = YES;
				CLANG_WARN_ENUM_CONVERSION = YES;
				CLANG_WARN_INFINITE_RECURSION = YES;
				CLANG_WARN_INT_CONVERSION = YES;
				CLANG_WARN_NON_LITERAL_NULL_CONVERSION = YES;
				CLANG_WARN_OBJC_IMPLICIT_RETAIN_SELF = YES;
				CLANG_WARN_OBJC_LITERAL_CONVERSION = YES;
				CLANG_WARN_OBJC_ROOT_CLASS = YES_ERROR;
				CLANG_WARN_QUOTED_INCLUDE_IN_FRAMEWORK_HEADER = YES;
				CLANG_WARN_RANGE_LOOP_ANALYSIS = YES;
				CLANG_WARN_STRICT_PROTOTYPES = YES;
				CLANG_WARN_SUSPICIOUS_MOVE = YES;
				CLANG_WARN_UNGUARDED_AVAILABILITY = YES_AGGRESSIVE;
				CLANG_WARN_UNREACHABLE_CODE = YES;
				CLANG_WARN__DUPLICATE_METHOD_MATCH = YES;
				COPY_PHASE_STRIP = NO;
				DEBUG_INFORMATION_FORMAT = dwarf;
				ENABLE_STRICT_OBJC_MSGSEND = YES;
				ENABLE_TESTABILITY = YES;
				ENABLE_USER_SCRIPT_SANDBOXING = YES;
				GCC_C_LANGUAGE_STANDARD = gnu17;
				GCC_DYNAMIC_NO_PIC = NO;
				GCC_NO_COMMON_BLOCKS = YES;
				GCC_OPTIMIZATION_LEVEL = 0;
				GCC_PREPROCESSOR_DEFINITIONS = (
					"DEBUG=1",
					"$(inherited)",
				);
				GCC_WARN_64_TO_32_BIT_CONVERSION = YES;
				GCC_WARN_ABOUT_RETURN_TYPE = YES_ERROR;
				GCC_WARN_UNDECLARED_SELECTOR = YES;
				GCC_WARN_UNINITIALIZED_AUTOS = YES_AGGRESSIVE;
				GCC_WARN_UNUSED_FUNCTION = YES;
				GCC_WARN_UNUSED_VARIABLE = YES;
				LOCALIZATION_PREFERS_STRING_CATALOGS = YES;
				MTL_ENABLE_DEBUG_INFO = INCLUDE_SOURCE;
				MTL_FAST_MATH = YES;
				ONLY_ACTIVE_ARCH = YES;
				SWIFT_ACTIVE_COMPILATION_CONDITIONS = "DEBUG $(inherited)";
				SWIFT_OPTIMIZATION_LEVEL = "-Onone";
			};
			name = Debug;
		};
		57ACE9A62BB3B390003553EE /* Release */ = {
			isa = XCBuildConfiguration;
			buildSettings = {
				ALWAYS_SEARCH_USER_PATHS = NO;
				ASSETCATALOG_COMPILER_GENERATE_SWIFT_ASSET_SYMBOL_EXTENSIONS = YES;
				CLANG_ANALYZER_NONNULL = YES;
				CLANG_ANALYZER_NUMBER_OBJECT_CONVERSION = YES_AGGRESSIVE;
				CLANG_CXX_LANGUAGE_STANDARD = "gnu++20";
				CLANG_ENABLE_MODULES = YES;
				CLANG_ENABLE_OBJC_ARC = YES;
				CLANG_ENABLE_OBJC_WEAK = YES;
				CLANG_WARN_BLOCK_CAPTURE_AUTORELEASING = YES;
				CLANG_WARN_BOOL_CONVERSION = YES;
				CLANG_WARN_COMMA = YES;
				CLANG_WARN_CONSTANT_CONVERSION = YES;
				CLANG_WARN_DEPRECATED_OBJC_IMPLEMENTATIONS = YES;
				CLANG_WARN_DIRECT_OBJC_ISA_USAGE = YES_ERROR;
				CLANG_WARN_DOCUMENTATION_COMMENTS = YES;
				CLANG_WARN_EMPTY_BODY = YES;
				CLANG_WARN_ENUM_CONVERSION = YES;
				CLANG_WARN_INFINITE_RECURSION = YES;
				CLANG_WARN_INT_CONVERSION = YES;
				CLANG_WARN_NON_LITERAL_NULL_CONVERSION = YES;
				CLANG_WARN_OBJC_IMPLICIT_RETAIN_SELF = YES;
				CLANG_WARN_OBJC_LITERAL_CONVERSION = YES;
				CLANG_WARN_OBJC_ROOT_CLASS = YES_ERROR;
				CLANG_WARN_QUOTED_INCLUDE_IN_FRAMEWORK_HEADER = YES;
				CLANG_WARN_RANGE_LOOP_ANALYSIS = YES;
				CLANG_WARN_STRICT_PROTOTYPES = YES;
				CLANG_WARN_SUSPICIOUS_MOVE = YES;
				CLANG_WARN_UNGUARDED_AVAILABILITY = YES_AGGRESSIVE;
				CLANG_WARN_UNREACHABLE_CODE = YES;
				CLANG_WARN__DUPLICATE_METHOD_MATCH = YES;
				COPY_PHASE_STRIP = NO;
				DEBUG_INFORMATION_FORMAT = "dwarf-with-dsym";
				ENABLE_NS_ASSERTIONS = NO;
				ENABLE_STRICT_OBJC_MSGSEND = YES;
				ENABLE_USER_SCRIPT_SANDBOXING = YES;
				GCC_C_LANGUAGE_STANDARD = gnu17;
				GCC_NO_COMMON_BLOCKS = YES;
				GCC_WARN_64_TO_32_BIT_CONVERSION = YES;
				GCC_WARN_ABOUT_RETURN_TYPE = YES_ERROR;
				GCC_WARN_UNDECLARED_SELECTOR = YES;
				GCC_WARN_UNINITIALIZED_AUTOS = YES_AGGRESSIVE;
				GCC_WARN_UNUSED_FUNCTION = YES;
				GCC_WARN_UNUSED_VARIABLE = YES;
				LOCALIZATION_PREFERS_STRING_CATALOGS = YES;
				MTL_ENABLE_DEBUG_INFO = NO;
				MTL_FAST_MATH = YES;
				SWIFT_COMPILATION_MODE = wholemodule;
			};
			name = Release;
		};
		57ACE9A82BB3B390003553EE /* Debug */ = {
			isa = XCBuildConfiguration;
			buildSettings = {
				ASSETCATALOG_COMPILER_APPICON_NAME = AppIcon;
				ASSETCATALOG_COMPILER_GLOBAL_ACCENT_COLOR_NAME = AccentColor;
				CODE_SIGN_ENTITLEMENTS = Freshzilla/Freshzilla.entitlements;
				CODE_SIGN_STYLE = Automatic;
				CURRENT_PROJECT_VERSION = 1;
				DEVELOPMENT_ASSET_PATHS = "\"Freshzilla/Preview Content\"";
				DEVELOPMENT_TEAM = L6R97MY7CT;
				ENABLE_HARDENED_RUNTIME = YES;
				ENABLE_PREVIEWS = YES;
				GENERATE_INFOPLIST_FILE = YES;
				"INFOPLIST_KEY_UIApplicationSceneManifest_Generation[sdk=iphoneos*]" = YES;
				"INFOPLIST_KEY_UIApplicationSceneManifest_Generation[sdk=iphonesimulator*]" = YES;
				"INFOPLIST_KEY_UIApplicationSupportsIndirectInputEvents[sdk=iphoneos*]" = YES;
				"INFOPLIST_KEY_UIApplicationSupportsIndirectInputEvents[sdk=iphonesimulator*]" = YES;
				"INFOPLIST_KEY_UILaunchScreen_Generation[sdk=iphoneos*]" = YES;
				"INFOPLIST_KEY_UILaunchScreen_Generation[sdk=iphonesimulator*]" = YES;
				"INFOPLIST_KEY_UIStatusBarStyle[sdk=iphoneos*]" = UIStatusBarStyleDefault;
				"INFOPLIST_KEY_UIStatusBarStyle[sdk=iphonesimulator*]" = UIStatusBarStyleDefault;
				INFOPLIST_KEY_UISupportedInterfaceOrientations_iPad = "UIInterfaceOrientationPortrait UIInterfaceOrientationPortraitUpsideDown UIInterfaceOrientationLandscapeLeft UIInterfaceOrientationLandscapeRight";
				INFOPLIST_KEY_UISupportedInterfaceOrientations_iPhone = "UIInterfaceOrientationPortrait UIInterfaceOrientationLandscapeLeft UIInterfaceOrientationLandscapeRight";
				IPHONEOS_DEPLOYMENT_TARGET = 17.2;
				LD_RUNPATH_SEARCH_PATHS = "@executable_path/Frameworks";
				"LD_RUNPATH_SEARCH_PATHS[sdk=macosx*]" = "@executable_path/../Frameworks";
				MACOSX_DEPLOYMENT_TARGET = 14.2;
				MARKETING_VERSION = 1.0;
				PRODUCT_BUNDLE_IDENTIFIER = ramsayleung.github.io.Freshzilla;
				PRODUCT_NAME = "$(TARGET_NAME)";
				SDKROOT = auto;
				SUPPORTED_PLATFORMS = "iphoneos iphonesimulator macosx";
				SWIFT_EMIT_LOC_STRINGS = YES;
				SWIFT_VERSION = 5.0;
				TARGETED_DEVICE_FAMILY = "1,2";
			};
			name = Debug;
		};
		57ACE9A92BB3B390003553EE /* Release */ = {
			isa = XCBuildConfiguration;
			buildSettings = {
				ASSETCATALOG_COMPILER_APPICON_NAME = AppIcon;
				ASSETCATALOG_COMPILER_GLOBAL_ACCENT_COLOR_NAME = AccentColor;
				CODE_SIGN_ENTITLEMENTS = Freshzilla/Freshzilla.entitlements;
				CODE_SIGN_STYLE = Automatic;
				CURRENT_PROJECT_VERSION = 1;
				DEVELOPMENT_ASSET_PATHS = "\"Freshzilla/Preview Content\"";
				DEVELOPMENT_TEAM = L6R97MY7CT;
				ENABLE_HARDENED_RUNTIME = YES;
				ENABLE_PREVIEWS = YES;
				GENERATE_INFOPLIST_FILE = YES;
				"INFOPLIST_KEY_UIApplicationSceneManifest_Generation[sdk=iphoneos*]" = YES;
				"INFOPLIST_KEY_UIApplicationSceneManifest_Generation[sdk=iphonesimulator*]" = YES;
				"INFOPLIST_KEY_UIApplicationSupportsIndirectInputEvents[sdk=iphoneos*]" = YES;
				"INFOPLIST_KEY_UIApplicationSupportsIndirectInputEvents[sdk=iphonesimulator*]" = YES;
				"INFOPLIST_KEY_UILaunchScreen_Generation[sdk=iphoneos*]" = YES;
				"INFOPLIST_KEY_UILaunchScreen_Generation[sdk=iphonesimulator*]" = YES;
				"INFOPLIST_KEY_UIStatusBarStyle[sdk=iphoneos*]" = UIStatusBarStyleDefault;
				"INFOPLIST_KEY_UIStatusBarStyle[sdk=iphonesimulator*]" = UIStatusBarStyleDefault;
				INFOPLIST_KEY_UISupportedInterfaceOrientations_iPad = "UIInterfaceOrientationPortrait UIInterfaceOrientationPortraitUpsideDown UIInterfaceOrientationLandscapeLeft UIInterfaceOrientationLandscapeRight";
				INFOPLIST_KEY_UISupportedInterfaceOrientations_iPhone = "UIInterfaceOrientationPortrait UIInterfaceOrientationLandscapeLeft UIInterfaceOrientationLandscapeRight";
				IPHONEOS_DEPLOYMENT_TARGET = 17.2;
				LD_RUNPATH_SEARCH_PATHS = "@executable_path/Frameworks";
				"LD_RUNPATH_SEARCH_PATHS[sdk=macosx*]" = "@executable_path/../Frameworks";
				MACOSX_DEPLOYMENT_TARGET = 14.2;
				MARKETING_VERSION = 1.0;
				PRODUCT_BUNDLE_IDENTIFIER = ramsayleung.github.io.Freshzilla;
				PRODUCT_NAME = "$(TARGET_NAME)";
				SDKROOT = auto;
				SUPPORTED_PLATFORMS = "iphoneos iphonesimulator macosx";
				SWIFT_EMIT_LOC_STRINGS = YES;
				SWIFT_VERSION = 5.0;
				TARGETED_DEVICE_FAMILY = "1,2";
			};
			name = Release;
		};
		57ACE9AB2BB3B390003553EE /* Debug */ = {
			isa = XCBuildConfiguration;
			buildSettings = {
				ALWAYS_EMBED_SWIFT_STANDARD_LIBRARIES = YES;
				BUNDLE_LOADER = "$(TEST_HOST)";
				CODE_SIGN_STYLE = Automatic;
				CURRENT_PROJECT_VERSION = 1;
				DEVELOPMENT_TEAM = L6R97MY7CT;
				GENERATE_INFOPLIST_FILE = YES;
				IPHONEOS_DEPLOYMENT_TARGET = 17.2;
				MACOSX_DEPLOYMENT_TARGET = 14.2;
				MARKETING_VERSION = 1.0;
				PRODUCT_BUNDLE_IDENTIFIER = ramsayleung.github.io.FreshzillaTests;
				PRODUCT_NAME = "$(TARGET_NAME)";
				SDKROOT = auto;
				SUPPORTED_PLATFORMS = "iphoneos iphonesimulator macosx";
				SWIFT_EMIT_LOC_STRINGS = NO;
				SWIFT_VERSION = 5.0;
				TARGETED_DEVICE_FAMILY = "1,2";
				TEST_HOST = "$(BUILT_PRODUCTS_DIR)/Freshzilla.app/$(BUNDLE_EXECUTABLE_FOLDER_PATH)/Freshzilla";
			};
			name = Debug;
		};
		57ACE9AC2BB3B390003553EE /* Release */ = {
			isa = XCBuildConfiguration;
			buildSettings = {
				ALWAYS_EMBED_SWIFT_STANDARD_LIBRARIES = YES;
				BUNDLE_LOADER = "$(TEST_HOST)";
				CODE_SIGN_STYLE = Automatic;
				CURRENT_PROJECT_VERSION = 1;
				DEVELOPMENT_TEAM = L6R97MY7CT;
				GENERATE_INFOPLIST_FILE = YES;
				IPHONEOS_DEPLOYMENT_TARGET = 17.2;
				MACOSX_DEPLOYMENT_TARGET = 14.2;
				MARKETING_VERSION = 1.0;
				PRODUCT_BUNDLE_IDENTIFIER = ramsayleung.github.io.FreshzillaTests;
				PRODUCT_NAME = "$(TARGET_NAME)";
				SDKROOT = auto;
				SUPPORTED_PLATFORMS = "iphoneos iphonesimulator macosx";
				SWIFT_EMIT_LOC_STRINGS = NO;
				SWIFT_VERSION = 5.0;
				TARGETED_DEVICE_FAMILY = "1,2";
				TEST_HOST = "$(BUILT_PRODUCTS_DIR)/Freshzilla.app/$(BUNDLE_EXECUTABLE_FOLDER_PATH)/Freshzilla";
			};
			name = Release;
		};
		57ACE9AE2BB3B390003553EE /* Debug */ = {
			isa = XCBuildConfiguration;
			buildSettings = {
				ALWAYS_EMBED_SWIFT_STANDARD_LIBRARIES = YES;
				CODE_SIGN_STYLE = Automatic;
				CURRENT_PROJECT_VERSION = 1;
				DEVELOPMENT_TEAM = L6R97MY7CT;
				GENERATE_INFOPLIST_FILE = YES;
				IPHONEOS_DEPLOYMENT_TARGET = 17.2;
				MACOSX_DEPLOYMENT_TARGET = 14.2;
				MARKETING_VERSION = 1.0;
				PRODUCT_BUNDLE_IDENTIFIER = ramsayleung.github.io.FreshzillaUITests;
				PRODUCT_NAME = "$(TARGET_NAME)";
				SDKROOT = auto;
				SUPPORTED_PLATFORMS = "iphoneos iphonesimulator macosx";
				SWIFT_EMIT_LOC_STRINGS = NO;
				SWIFT_VERSION = 5.0;
				TARGETED_DEVICE_FAMILY = "1,2";
				TEST_TARGET_NAME = Freshzilla;
			};
			name = Debug;
		};
		57ACE9AF2BB3B390003553EE /* Release */ = {
			isa = XCBuildConfiguration;
			buildSettings = {
				ALWAYS_EMBED_SWIFT_STANDARD_LIBRARIES = YES;
				CODE_SIGN_STYLE = Automatic;
				CURRENT_PROJECT_VERSION = 1;
				DEVELOPMENT_TEAM = L6R97MY7CT;
				GENERATE_INFOPLIST_FILE = YES;
				IPHONEOS_DEPLOYMENT_TARGET = 17.2;
				MACOSX_DEPLOYMENT_TARGET = 14.2;
				MARKETING_VERSION = 1.0;
				PRODUCT_BUNDLE_IDENTIFIER = ramsayleung.github.io.FreshzillaUITests;
				PRODUCT_NAME = "$(TARGET_NAME)";
				SDKROOT = auto;
				SUPPORTED_PLATFORMS = "iphoneos iphonesimulator macosx";
				SWIFT_EMIT_LOC_STRINGS = NO;
				SWIFT_VERSION = 5.0;
				TARGETED_DEVICE_FAMILY = "1,2";
				TEST_TARGET_NAME = Freshzilla;
			};
			name = Release;
		};
/* End XCBuildConfiguration section */

/* Begin XCConfigurationList section */
		57ACE97D2BB3B38F003553EE /* Build configuration list for PBXProject "Freshzilla" */ = {
			isa = XCConfigurationList;
			buildConfigurations = (
				57ACE9A52BB3B390003553EE /* Debug */,
				57ACE9A62BB3B390003553EE /* Release */,
			);
			defaultConfigurationIsVisible = 0;
			defaultConfigurationName = Release;
		};
		57ACE9A72BB3B390003553EE /* Build configuration list for PBXNativeTarget "Freshzilla" */ = {
			isa = XCConfigurationList;
			buildConfigurations = (
				57ACE9A82BB3B390003553EE /* Debug */,
				57ACE9A92BB3B390003553EE /* Release */,
			);
			defaultConfigurationIsVisible = 0;
			defaultConfigurationName = Release;
		};
		57ACE9AA2BB3B390003553EE /* Build configuration list for PBXNativeTarget "FreshzillaTests" */ = {
			isa = XCConfigurationList;
			buildConfigurations = (
				57ACE9AB2BB3B390003553EE /* Debug */,
				57ACE9AC2BB3B390003553EE /* Release */,
			);
			defaultConfigurationIsVisible = 0;
			defaultConfigurationName = Release;
		};
		57ACE9AD2BB3B390003553EE /* Build configuration list for PBXNativeTarget "FreshzillaUITests" */ = {
			isa = XCConfigurationList;
			buildConfigurations = (
				57ACE9AE2BB3B390003553EE /* Debug */,
				57ACE9AF2BB3B390003553EE /* Release */,
			);
			defaultConfigurationIsVisible = 0;
			defaultConfigurationName = Release;
		};
/* End XCConfigurationList section */
	};
	rootObject = 57ACE97A2BB3B38F003553EE /* Project object */;
}
